
Microsoft Visual Studio Solution File, Format Version 12.00
# Visual Studio Version 17
VisualStudioVersion = 17.7.34031.279
MinimumVisualStudioVersion = 10.0.40219.1
Project("{FAE04EC0-301F-11D3-BF4B-00C04F79EFBC}") = "Lecture_2_Notes", "Lecture_2_Notes.csproj", "{3DD46719-820F-40EE-950B-B35689339F9A}"
EndProject
Global
	GlobalSection(SolutionConfigurationPlatforms) = preSolution
		Debug|Any CPU = Debug|Any CPU
		Release|Any CPU = Release|Any CPU
	EndGlobalSection
	GlobalSection(ProjectConfigurationPlatforms) = postSolution
		{3DD46719-820F-40EE-950B-B35689339F9A}.Debug|Any CPU.ActiveCfg = Debug|Any CPU
		{3DD46719-820F-40EE-950B-B35689339F9A}.Debug|Any CPU.Build.0 = Debug|Any CPU
		{3DD46719-820F-40EE-950B-B35689339F9A}.Release|Any CPU.ActiveCfg = Release|Any CPU
		{3DD46719-820F-40EE-950B-B35689339F9A}.Release|Any CPU.Build.0 = Release|Any CPU
	EndGlobalSection
	GlobalSection(SolutionProperties) = preSolution
		HideSolutionNode = FALSE
	EndGlobalSection
	GlobalSection(ExtensibilityGlobals) = postSolution
		SolutionGuid = {C3317405-6808-4B66-A355-927B82406822}
	EndGlobalSection
EndGlobal
